
Microsoft Visual Studio Solution File, Format Version 12.00
# Visual Studio Version 17
VisualStudioVersion = 17.5.33530.505
MinimumVisualStudioVersion = 10.0.40219.1
Project("{FAE04EC0-301F-11D3-BF4B-00C04F79EFBC}") = "Customer Data", "Customer Data.csproj", "{D2AEC8A1-E498-4007-82E0-292F1540BA6A}"
EndProject
Global
	GlobalSection(SolutionConfigurationPlatforms) = preSolution
		Debug|Any CPU = Debug|Any CPU
		Release|Any CPU = Release|Any CPU
	EndGlobalSection
	GlobalSection(ProjectConfigurationPlatforms) = postSolution
		{D2AEC8A1-E498-4007-82E0-292F1540BA6A}.Debug|Any CPU.ActiveCfg = Debug|Any CPU
		{D2AEC8A1-E498-4007-82E0-292F1540BA6A}.Debug|Any CPU.Build.0 = Debug|Any CPU
		{D2AEC8A1-E498-4007-82E0-292F1540BA6A}.Release|Any CPU.ActiveCfg = Release|Any CPU
		{D2AEC8A1-E498-4007-82E0-292F1540BA6A}.Release|Any CPU.Build.0 = Release|Any CPU
	EndGlobalSection
	GlobalSection(SolutionProperties) = preSolution
		HideSolutionNode = FALSE
	EndGlobalSection
	GlobalSection(ExtensibilityGlobals) = postSolution
		SolutionGuid = {8D0C44B6-7B4F-44BA-A9AF-E164187B3794}
	EndGlobalSection
EndGlobal
